
Microsoft Visual Studio Solution File, Format Version 12.00
Project("{FAE04EC0-301F-11D3-BF4B-00C04F79EFBC}") = "Projektarbeit", "Projektarbeit\Projektarbeit.csproj", "{AF22589D-F127-4EE2-98F4-A0ABC38F24EA}"
EndProject
Project("{FAE04EC0-301F-11D3-BF4B-00C04F79EFBC}") = "Projektarbeit.Test", "Projektarbeit.Test\Projektarbeit.Test.csproj", "{3DF4E5FD-DB4D-4C90-BFAB-92C7479C8886}"
EndProject
Global
	GlobalSection(SolutionConfigurationPlatforms) = preSolution
		Debug|Any CPU = Debug|Any CPU
		Release|Any CPU = Release|Any CPU
	EndGlobalSection
	GlobalSection(ProjectConfigurationPlatforms) = postSolution
		{AF22589D-F127-4EE2-98F4-A0ABC38F24EA}.Debug|Any CPU.ActiveCfg = Debug|Any CPU
		{AF22589D-F127-4EE2-98F4-A0ABC38F24EA}.Debug|Any CPU.Build.0 = Debug|Any CPU
		{AF22589D-F127-4EE2-98F4-A0ABC38F24EA}.Release|Any CPU.ActiveCfg = Release|Any CPU
		{AF22589D-F127-4EE2-98F4-A0ABC38F24EA}.Release|Any CPU.Build.0 = Release|Any CPU
		{3DF4E5FD-DB4D-4C90-BFAB-92C7479C8886}.Debug|Any CPU.ActiveCfg = Debug|Any CPU
		{3DF4E5FD-DB4D-4C90-BFAB-92C7479C8886}.Debug|Any CPU.Build.0 = Debug|Any CPU
		{3DF4E5FD-DB4D-4C90-BFAB-92C7479C8886}.Release|Any CPU.ActiveCfg = Release|Any CPU
		{3DF4E5FD-DB4D-4C90-BFAB-92C7479C8886}.Release|Any CPU.Build.0 = Release|Any CPU
	EndGlobalSection
EndGlobal
